// !$*UTF8*$!
{
	archiveVersion = 1;
	classes = {
	};
	objectVersion = 46;
	objects = {

/* Begin PBXBuildFile section */
		1FA422CA5677F079745F4EBD /* Pods_Asteroids.framework in Frameworks */ = {isa = PBXBuildFile; fileRef = F1C9492F4B7A95C19001F8A4 /* Pods_Asteroids.framework */; };
		8316FE641F0AD9AC009037D2 /* icon512.png in Resources */ = {isa = PBXBuildFile; fileRef = 8316FE631F0AD9AC009037D2 /* icon512.png */; };
		8316FE741F0C0968009037D2 /* Localizable.strings in Resources */ = {isa = PBXBuildFile; fileRef = 8316FE721F0C0968009037D2 /* Localizable.strings */; };
		8325BD0F1EF835A800E8985D /* SettingsViewController.swift in Sources */ = {isa = PBXBuildFile; fileRef = 8325BD0E1EF835A800E8985D /* SettingsViewController.swift */; };
		8325BD161EF8392900E8985D /* AsteroidsViewControllerTests.swift in Sources */ = {isa = PBXBuildFile; fileRef = 8325BD151EF8392900E8985D /* AsteroidsViewControllerTests.swift */; };
		8325BD181EF83D5500E8985D /* AsteroidsListDataService.swift in Sources */ = {isa = PBXBuildFile; fileRef = 8325BD171EF83D5500E8985D /* AsteroidsListDataService.swift */; };
		8325BD1A1EF8453700E8985D /* AsteroidsListDataServiceTests.swift in Sources */ = {isa = PBXBuildFile; fileRef = 8325BD191EF8453700E8985D /* AsteroidsListDataServiceTests.swift */; };
		8325BD1C1EF9889F00E8985D /* AsteroidManager.swift in Sources */ = {isa = PBXBuildFile; fileRef = 8325BD1B1EF9889F00E8985D /* AsteroidManager.swift */; };
		8325BD1E1EF9914300E8985D /* AsteroidTableViewCell.swift in Sources */ = {isa = PBXBuildFile; fileRef = 8325BD1D1EF9914300E8985D /* AsteroidTableViewCell.swift */; };
		8325BD211EF995D700E8985D /* MockExtensions.swift in Sources */ = {isa = PBXBuildFile; fileRef = 8325BD201EF995D700E8985D /* MockExtensions.swift */; };
		8325BD231EF99A6700E8985D /* AsteroidManagerTests.swift in Sources */ = {isa = PBXBuildFile; fileRef = 8325BD221EF99A6700E8985D /* AsteroidManagerTests.swift */; };
		8325BD261EF99CC400E8985D /* AsteroidCellTests.swift in Sources */ = {isa = PBXBuildFile; fileRef = 8325BD251EF99CC400E8985D /* AsteroidCellTests.swift */; };
		83C9FBBF1EFD845F00E4F94C /* Date+Calendar.swift in Sources */ = {isa = PBXBuildFile; fileRef = 83C9FBBE1EFD845F00E4F94C /* Date+Calendar.swift */; };
		83C9FBC11F016DE000E4F94C /* AsteroidView.swift in Sources */ = {isa = PBXBuildFile; fileRef = 83C9FBC01F016DE000E4F94C /* AsteroidView.swift */; };
		83C9FBC31F02BB0F00E4F94C /* OrbitalDataServiceTests.swift in Sources */ = {isa = PBXBuildFile; fileRef = 83C9FBC21F02BB0F00E4F94C /* OrbitalDataServiceTests.swift */; };
		83C9FBC51F02BFEC00E4F94C /* OrbitalDataTableViewCell.swift in Sources */ = {isa = PBXBuildFile; fileRef = 83C9FBC41F02BFEC00E4F94C /* OrbitalDataTableViewCell.swift */; };
		83C9FBC71F02CA0900E4F94C /* OrbitalManagerTests.swift in Sources */ = {isa = PBXBuildFile; fileRef = 83C9FBC61F02CA0900E4F94C /* OrbitalManagerTests.swift */; };
		83C9FBC91F02CBF700E4F94C /* OrbitalDataCellTests.swift in Sources */ = {isa = PBXBuildFile; fileRef = 83C9FBC81F02CBF700E4F94C /* OrbitalDataCellTests.swift */; };
		9A05D0391F0CCC74001A1AD1 /* SearchViewController.swift in Sources */ = {isa = PBXBuildFile; fileRef = 9A05D0381F0CCC74001A1AD1 /* SearchViewController.swift */; };
		9A05D03B1F0CCD5C001A1AD1 /* SearchManager.swift in Sources */ = {isa = PBXBuildFile; fileRef = 9A05D03A1F0CCD5C001A1AD1 /* SearchManager.swift */; };
		9A05D03D1F0CCEF3001A1AD1 /* SearchManagerTests.swift in Sources */ = {isa = PBXBuildFile; fileRef = 9A05D03C1F0CCEF3001A1AD1 /* SearchManagerTests.swift */; };
		9A05D03F1F0CDA89001A1AD1 /* SearchDataServiceTests.swift in Sources */ = {isa = PBXBuildFile; fileRef = 9A05D03E1F0CDA89001A1AD1 /* SearchDataServiceTests.swift */; };
		9A05D0411F0CDAD9001A1AD1 /* SearchDataService.swift in Sources */ = {isa = PBXBuildFile; fileRef = 9A05D0401F0CDAD9001A1AD1 /* SearchDataService.swift */; };
		9A05D0471F0CE179001A1AD1 /* SearchViewControllerTests.swift in Sources */ = {isa = PBXBuildFile; fileRef = 9A05D0461F0CE179001A1AD1 /* SearchViewControllerTests.swift */; };
		9A05D0531F0D0971001A1AD1 /* CustomButton.swift in Sources */ = {isa = PBXBuildFile; fileRef = 9A05D0521F0D0971001A1AD1 /* CustomButton.swift */; };
		9A1917431EF7E584003B6F25 /* AppDelegate.swift in Sources */ = {isa = PBXBuildFile; fileRef = 9A1917421EF7E584003B6F25 /* AppDelegate.swift */; };
		9A1917481EF7E584003B6F25 /* Main.storyboard in Resources */ = {isa = PBXBuildFile; fileRef = 9A1917461EF7E584003B6F25 /* Main.storyboard */; };
		9A19174A1EF7E584003B6F25 /* Assets.xcassets in Resources */ = {isa = PBXBuildFile; fileRef = 9A1917491EF7E584003B6F25 /* Assets.xcassets */; };
		9A19174D1EF7E584003B6F25 /* LaunchScreen.storyboard in Resources */ = {isa = PBXBuildFile; fileRef = 9A19174B1EF7E584003B6F25 /* LaunchScreen.storyboard */; };
		9A1917581EF7E584003B6F25 /* AsteroidModelsTests.swift in Sources */ = {isa = PBXBuildFile; fileRef = 9A1917571EF7E584003B6F25 /* AsteroidModelsTests.swift */; };
		9A1917731EF7E5B6003B6F25 /* Asteroid.swift in Sources */ = {isa = PBXBuildFile; fileRef = 9A1917721EF7E5B6003B6F25 /* Asteroid.swift */; };
		9A1917751EF7E5D7003B6F25 /* AsteroidViewModel.swift in Sources */ = {isa = PBXBuildFile; fileRef = 9A1917741EF7E5D7003B6F25 /* AsteroidViewModel.swift */; };
		9A1917781EF7E5FF003B6F25 /* Constants.swift in Sources */ = {isa = PBXBuildFile; fileRef = 9A1917771EF7E5FF003B6F25 /* Constants.swift */; };
		9A19177B1EF7FD31003B6F25 /* AsteroidsViewController.swift in Sources */ = {isa = PBXBuildFile; fileRef = 9A19177A1EF7FD31003B6F25 /* AsteroidsViewController.swift */; };
		9AB90ED91F028771005308F3 /* OrbitalDetailViewController.swift in Sources */ = {isa = PBXBuildFile; fileRef = 9AB90ED81F028771005308F3 /* OrbitalDetailViewController.swift */; };
		9AB90EDB1F029D2A005308F3 /* Protocols.swift in Sources */ = {isa = PBXBuildFile; fileRef = 9AB90EDA1F029D2A005308F3 /* Protocols.swift */; };
		9AB90EDD1F02A0BD005308F3 /* OrbitalManager.swift in Sources */ = {isa = PBXBuildFile; fileRef = 9AB90EDC1F02A0BD005308F3 /* OrbitalManager.swift */; };
		9AB90EDF1F02A2DF005308F3 /* OrbitalDataService.swift in Sources */ = {isa = PBXBuildFile; fileRef = 9AB90EDE1F02A2DF005308F3 /* OrbitalDataService.swift */; };
/* End PBXBuildFile section */

/* Begin PBXContainerItemProxy section */
		9A1917541EF7E584003B6F25 /* PBXContainerItemProxy */ = {
			isa = PBXContainerItemProxy;
			containerPortal = 9A1917371EF7E584003B6F25 /* Project object */;
			proxyType = 1;
			remoteGlobalIDString = 9A19173E1EF7E584003B6F25;
			remoteInfo = Asteroids;
		};
/* End PBXContainerItemProxy section */

/* Begin PBXFileReference section */
		37E506058939E752C04C8337 /* Pods-Asteroids.debug.xcconfig */ = {isa = PBXFileReference; includeInIndex = 1; lastKnownFileType = text.xcconfig; name = "Pods-Asteroids.debug.xcconfig"; path = "Pods/Target Support Files/Pods-Asteroids/Pods-Asteroids.debug.xcconfig"; sourceTree = "<group>"; };
		7409F1BF74ED195B0EF8473A /* Pods-Asteroids.release.xcconfig */ = {isa = PBXFileReference; includeInIndex = 1; lastKnownFileType = text.xcconfig; name = "Pods-Asteroids.release.xcconfig"; path = "Pods/Target Support Files/Pods-Asteroids/Pods-Asteroids.release.xcconfig"; sourceTree = "<group>"; };
		8316FE631F0AD9AC009037D2 /* icon512.png */ = {isa = PBXFileReference; lastKnownFileType = image.png; path = icon512.png; sourceTree = "<group>"; };
		8316FE681F0C03E7009037D2 /* ru */ = {isa = PBXFileReference; lastKnownFileType = text.plist.strings; name = ru; path = ru.lproj/Main.strings; sourceTree = "<group>"; };
		8316FE691F0C04FD009037D2 /* fr */ = {isa = PBXFileReference; lastKnownFileType = text.plist.strings; name = fr; path = fr.lproj/Main.strings; sourceTree = "<group>"; };
		8316FE6A1F0C0502009037D2 /* de */ = {isa = PBXFileReference; lastKnownFileType = text.plist.strings; name = de; path = de.lproj/Main.strings; sourceTree = "<group>"; };
		8316FE6B1F0C0509009037D2 /* es */ = {isa = PBXFileReference; lastKnownFileType = text.plist.strings; name = es; path = es.lproj/Main.strings; sourceTree = "<group>"; };
		8316FE6C1F0C0511009037D2 /* it */ = {isa = PBXFileReference; lastKnownFileType = text.plist.strings; name = it; path = it.lproj/Main.strings; sourceTree = "<group>"; };
		8316FE6D1F0C0523009037D2 /* zh-Hans */ = {isa = PBXFileReference; lastKnownFileType = text.plist.strings; name = "zh-Hans"; path = "zh-Hans.lproj/Main.strings"; sourceTree = "<group>"; };
		8316FE6E1F0C0531009037D2 /* pt-PT */ = {isa = PBXFileReference; lastKnownFileType = text.plist.strings; name = "pt-PT"; path = "pt-PT.lproj/Main.strings"; sourceTree = "<group>"; };
		8316FE6F1F0C0539009037D2 /* cs */ = {isa = PBXFileReference; lastKnownFileType = text.plist.strings; name = cs; path = cs.lproj/Main.strings; sourceTree = "<group>"; };
		8316FE701F0C0544009037D2 /* fi */ = {isa = PBXFileReference; lastKnownFileType = text.plist.strings; name = fi; path = fi.lproj/Main.strings; sourceTree = "<group>"; };
		8316FE711F0C0553009037D2 /* sv */ = {isa = PBXFileReference; lastKnownFileType = text.plist.strings; name = sv; path = sv.lproj/Main.strings; sourceTree = "<group>"; };
		8316FE731F0C0968009037D2 /* Base */ = {isa = PBXFileReference; lastKnownFileType = text.plist.strings; name = Base; path = Base.lproj/Localizable.strings; sourceTree = "<group>"; };
		8316FE751F0C096E009037D2 /* ru */ = {isa = PBXFileReference; lastKnownFileType = text.plist.strings; name = ru; path = ru.lproj/Localizable.strings; sourceTree = "<group>"; };
		8316FE761F0C096F009037D2 /* en */ = {isa = PBXFileReference; lastKnownFileType = text.plist.strings; name = en; path = en.lproj/Localizable.strings; sourceTree = "<group>"; };
		8316FE771F0C0972009037D2 /* fr */ = {isa = PBXFileReference; lastKnownFileType = text.plist.strings; name = fr; path = fr.lproj/Localizable.strings; sourceTree = "<group>"; };
		8316FE781F0C0973009037D2 /* de */ = {isa = PBXFileReference; lastKnownFileType = text.plist.strings; name = de; path = de.lproj/Localizable.strings; sourceTree = "<group>"; };
		8316FE791F0C0984009037D2 /* es */ = {isa = PBXFileReference; lastKnownFileType = text.plist.strings; name = es; path = es.lproj/Localizable.strings; sourceTree = "<group>"; };
		8316FE7A1F0C0985009037D2 /* zh-Hans */ = {isa = PBXFileReference; lastKnownFileType = text.plist.strings; name = "zh-Hans"; path = "zh-Hans.lproj/Localizable.strings"; sourceTree = "<group>"; };
		8316FE7B1F0C0986009037D2 /* it */ = {isa = PBXFileReference; lastKnownFileType = text.plist.strings; name = it; path = it.lproj/Localizable.strings; sourceTree = "<group>"; };
		8316FE7C1F0C0987009037D2 /* pt-PT */ = {isa = PBXFileReference; lastKnownFileType = text.plist.strings; name = "pt-PT"; path = "pt-PT.lproj/Localizable.strings"; sourceTree = "<group>"; };
		8316FE7D1F0C098A009037D2 /* cs */ = {isa = PBXFileReference; lastKnownFileType = text.plist.strings; name = cs; path = cs.lproj/Localizable.strings; sourceTree = "<group>"; };
		8316FE7E1F0C098B009037D2 /* fi */ = {isa = PBXFileReference; lastKnownFileType = text.plist.strings; name = fi; path = fi.lproj/Localizable.strings; sourceTree = "<group>"; };
		8316FE7F1F0C098C009037D2 /* sv */ = {isa = PBXFileReference; lastKnownFileType = text.plist.strings; name = sv; path = sv.lproj/Localizable.strings; sourceTree = "<group>"; };
		8325BD0E1EF835A800E8985D /* SettingsViewController.swift */ = {isa = PBXFileReference; fileEncoding = 4; lastKnownFileType = sourcecode.swift; name = SettingsViewController.swift; path = Controller/SettingsViewController.swift; sourceTree = "<group>"; };
		8325BD151EF8392900E8985D /* AsteroidsViewControllerTests.swift */ = {isa = PBXFileReference; fileEncoding = 4; lastKnownFileType = sourcecode.swift; path = AsteroidsViewControllerTests.swift; sourceTree = "<group>"; };
		8325BD171EF83D5500E8985D /* AsteroidsListDataService.swift */ = {isa = PBXFileReference; fileEncoding = 4; lastKnownFileType = sourcecode.swift; name = AsteroidsListDataService.swift; path = Controller/AsteroidsListDataService.swift; sourceTree = "<group>"; };
		8325BD191EF8453700E8985D /* AsteroidsListDataServiceTests.swift */ = {isa = PBXFileReference; fileEncoding = 4; lastKnownFileType = sourcecode.swift; path = AsteroidsListDataServiceTests.swift; sourceTree = "<group>"; };
		8325BD1B1EF9889F00E8985D /* AsteroidManager.swift */ = {isa = PBXFileReference; fileEncoding = 4; lastKnownFileType = sourcecode.swift; name = AsteroidManager.swift; path = Model/AsteroidManager.swift; sourceTree = "<group>"; };
		8325BD1D1EF9914300E8985D /* AsteroidTableViewCell.swift */ = {isa = PBXFileReference; fileEncoding = 4; lastKnownFileType = sourcecode.swift; name = AsteroidTableViewCell.swift; path = View/AsteroidTableViewCell.swift; sourceTree = "<group>"; };
		8325BD201EF995D700E8985D /* MockExtensions.swift */ = {isa = PBXFileReference; fileEncoding = 4; lastKnownFileType = sourcecode.swift; path = MockExtensions.swift; sourceTree = "<group>"; };
		8325BD221EF99A6700E8985D /* AsteroidManagerTests.swift */ = {isa = PBXFileReference; fileEncoding = 4; lastKnownFileType = sourcecode.swift; path = AsteroidManagerTests.swift; sourceTree = "<group>"; };
		8325BD251EF99CC400E8985D /* AsteroidCellTests.swift */ = {isa = PBXFileReference; fileEncoding = 4; lastKnownFileType = sourcecode.swift; path = AsteroidCellTests.swift; sourceTree = "<group>"; };
		83C9FBBE1EFD845F00E4F94C /* Date+Calendar.swift */ = {isa = PBXFileReference; fileEncoding = 4; lastKnownFileType = sourcecode.swift; name = "Date+Calendar.swift"; path = "Extension/Date+Calendar.swift"; sourceTree = "<group>"; };
		83C9FBC01F016DE000E4F94C /* AsteroidView.swift */ = {isa = PBXFileReference; fileEncoding = 4; lastKnownFileType = sourcecode.swift; name = AsteroidView.swift; path = View/AsteroidView.swift; sourceTree = "<group>"; };
		83C9FBC21F02BB0F00E4F94C /* OrbitalDataServiceTests.swift */ = {isa = PBXFileReference; fileEncoding = 4; lastKnownFileType = sourcecode.swift; path = OrbitalDataServiceTests.swift; sourceTree = "<group>"; };
		83C9FBC41F02BFEC00E4F94C /* OrbitalDataTableViewCell.swift */ = {isa = PBXFileReference; fileEncoding = 4; lastKnownFileType = sourcecode.swift; name = OrbitalDataTableViewCell.swift; path = View/OrbitalDataTableViewCell.swift; sourceTree = "<group>"; };
		83C9FBC61F02CA0900E4F94C /* OrbitalManagerTests.swift */ = {isa = PBXFileReference; fileEncoding = 4; lastKnownFileType = sourcecode.swift; path = OrbitalManagerTests.swift; sourceTree = "<group>"; };
		83C9FBC81F02CBF700E4F94C /* OrbitalDataCellTests.swift */ = {isa = PBXFileReference; fileEncoding = 4; lastKnownFileType = sourcecode.swift; path = OrbitalDataCellTests.swift; sourceTree = "<group>"; };
		9A05D0381F0CCC74001A1AD1 /* SearchViewController.swift */ = {isa = PBXFileReference; fileEncoding = 4; lastKnownFileType = sourcecode.swift; name = SearchViewController.swift; path = Controller/SearchViewController.swift; sourceTree = "<group>"; };
		9A05D03A1F0CCD5C001A1AD1 /* SearchManager.swift */ = {isa = PBXFileReference; fileEncoding = 4; lastKnownFileType = sourcecode.swift; name = SearchManager.swift; path = Model/SearchManager.swift; sourceTree = "<group>"; };
		9A05D03C1F0CCEF3001A1AD1 /* SearchManagerTests.swift */ = {isa = PBXFileReference; fileEncoding = 4; lastKnownFileType = sourcecode.swift; path = SearchManagerTests.swift; sourceTree = "<group>"; };
		9A05D03E1F0CDA89001A1AD1 /* SearchDataServiceTests.swift */ = {isa = PBXFileReference; fileEncoding = 4; lastKnownFileType = sourcecode.swift; path = SearchDataServiceTests.swift; sourceTree = "<group>"; };
		9A05D0401F0CDAD9001A1AD1 /* SearchDataService.swift */ = {isa = PBXFileReference; fileEncoding = 4; lastKnownFileType = sourcecode.swift; name = SearchDataService.swift; path = Controller/SearchDataService.swift; sourceTree = "<group>"; };
		9A05D0461F0CE179001A1AD1 /* SearchViewControllerTests.swift */ = {isa = PBXFileReference; fileEncoding = 4; lastKnownFileType = sourcecode.swift; path = SearchViewControllerTests.swift; sourceTree = "<group>"; };
		9A05D0521F0D0971001A1AD1 /* CustomButton.swift */ = {isa = PBXFileReference; fileEncoding = 4; lastKnownFileType = sourcecode.swift; name = CustomButton.swift; path = View/CustomButton.swift; sourceTree = "<group>"; };
		9A19173F1EF7E584003B6F25 /* Asteroids.app */ = {isa = PBXFileReference; explicitFileType = wrapper.application; includeInIndex = 0; path = Asteroids.app; sourceTree = BUILT_PRODUCTS_DIR; };
		9A1917421EF7E584003B6F25 /* AppDelegate.swift */ = {isa = PBXFileReference; lastKnownFileType = sourcecode.swift; path = AppDelegate.swift; sourceTree = "<group>"; };
		9A1917471EF7E584003B6F25 /* Base */ = {isa = PBXFileReference; lastKnownFileType = file.storyboard; name = Base; path = Base.lproj/Main.storyboard; sourceTree = "<group>"; };
		9A1917491EF7E584003B6F25 /* Assets.xcassets */ = {isa = PBXFileReference; lastKnownFileType = folder.assetcatalog; path = Assets.xcassets; sourceTree = "<group>"; };
		9A19174C1EF7E584003B6F25 /* Base */ = {isa = PBXFileReference; lastKnownFileType = file.storyboard; name = Base; path = Base.lproj/LaunchScreen.storyboard; sourceTree = "<group>"; };
		9A19174E1EF7E584003B6F25 /* Info.plist */ = {isa = PBXFileReference; lastKnownFileType = text.plist.xml; path = Info.plist; sourceTree = "<group>"; };
		9A1917531EF7E584003B6F25 /* AsteroidsTests.xctest */ = {isa = PBXFileReference; explicitFileType = wrapper.cfbundle; includeInIndex = 0; path = AsteroidsTests.xctest; sourceTree = BUILT_PRODUCTS_DIR; };
		9A1917571EF7E584003B6F25 /* AsteroidModelsTests.swift */ = {isa = PBXFileReference; lastKnownFileType = sourcecode.swift; path = AsteroidModelsTests.swift; sourceTree = "<group>"; };
		9A1917591EF7E584003B6F25 /* Info.plist */ = {isa = PBXFileReference; lastKnownFileType = text.plist.xml; path = Info.plist; sourceTree = "<group>"; };
		9A1917721EF7E5B6003B6F25 /* Asteroid.swift */ = {isa = PBXFileReference; fileEncoding = 4; lastKnownFileType = sourcecode.swift; name = Asteroid.swift; path = Model/Asteroid.swift; sourceTree = "<group>"; };
		9A1917741EF7E5D7003B6F25 /* AsteroidViewModel.swift */ = {isa = PBXFileReference; fileEncoding = 4; lastKnownFileType = sourcecode.swift; name = AsteroidViewModel.swift; path = ViewModel/AsteroidViewModel.swift; sourceTree = "<group>"; };
		9A1917771EF7E5FF003B6F25 /* Constants.swift */ = {isa = PBXFileReference; fileEncoding = 4; lastKnownFileType = sourcecode.swift; name = Constants.swift; path = Resources/Constants.swift; sourceTree = "<group>"; };
		9A19177A1EF7FD31003B6F25 /* AsteroidsViewController.swift */ = {isa = PBXFileReference; fileEncoding = 4; lastKnownFileType = sourcecode.swift; name = AsteroidsViewController.swift; path = Controller/AsteroidsViewController.swift; sourceTree = "<group>"; };
		9AB90ED81F028771005308F3 /* OrbitalDetailViewController.swift */ = {isa = PBXFileReference; fileEncoding = 4; lastKnownFileType = sourcecode.swift; name = OrbitalDetailViewController.swift; path = Controller/OrbitalDetailViewController.swift; sourceTree = "<group>"; };
		9AB90EDA1F029D2A005308F3 /* Protocols.swift */ = {isa = PBXFileReference; fileEncoding = 4; lastKnownFileType = sourcecode.swift; name = Protocols.swift; path = Extension/Protocols.swift; sourceTree = "<group>"; };
		9AB90EDC1F02A0BD005308F3 /* OrbitalManager.swift */ = {isa = PBXFileReference; fileEncoding = 4; lastKnownFileType = sourcecode.swift; name = OrbitalManager.swift; path = Model/OrbitalManager.swift; sourceTree = "<group>"; };
		9AB90EDE1F02A2DF005308F3 /* OrbitalDataService.swift */ = {isa = PBXFileReference; fileEncoding = 4; lastKnownFileType = sourcecode.swift; name = OrbitalDataService.swift; path = Controller/OrbitalDataService.swift; sourceTree = "<group>"; };
		F1C9492F4B7A95C19001F8A4 /* Pods_Asteroids.framework */ = {isa = PBXFileReference; explicitFileType = wrapper.framework; includeInIndex = 0; path = Pods_Asteroids.framework; sourceTree = BUILT_PRODUCTS_DIR; };
/* End PBXFileReference section */

/* Begin PBXFrameworksBuildPhase section */
		9A19173C1EF7E584003B6F25 /* Frameworks */ = {
			isa = PBXFrameworksBuildPhase;
			buildActionMask = 2147483647;
			files = (
				1FA422CA5677F079745F4EBD /* Pods_Asteroids.framework in Frameworks */,
			);
			runOnlyForDeploymentPostprocessing = 0;
		};
		9A1917501EF7E584003B6F25 /* Frameworks */ = {
			isa = PBXFrameworksBuildPhase;
			buildActionMask = 2147483647;
			files = (
			);
			runOnlyForDeploymentPostprocessing = 0;
		};
/* End PBXFrameworksBuildPhase section */

/* Begin PBXGroup section */
		8316FE601F0AD7DD009037D2 /* Images */ = {
			isa = PBXGroup;
			children = (
				8316FE631F0AD9AC009037D2 /* icon512.png */,
			);
			name = Images;
			sourceTree = "<group>";
		};
		8325BD101EF8360D00E8985D /* View */ = {
			isa = PBXGroup;
			children = (
				8325BD1D1EF9914300E8985D /* AsteroidTableViewCell.swift */,
				83C9FBC01F016DE000E4F94C /* AsteroidView.swift */,
				83C9FBC41F02BFEC00E4F94C /* OrbitalDataTableViewCell.swift */,
				9A05D0521F0D0971001A1AD1 /* CustomButton.swift */,
			);
			name = View;
			sourceTree = "<group>";
		};
		8325BD131EF838A300E8985D /* TestModels */ = {
			isa = PBXGroup;
			children = (
				9A1917571EF7E584003B6F25 /* AsteroidModelsTests.swift */,
				8325BD221EF99A6700E8985D /* AsteroidManagerTests.swift */,
				83C9FBC61F02CA0900E4F94C /* OrbitalManagerTests.swift */,
				9A05D03C1F0CCEF3001A1AD1 /* SearchManagerTests.swift */,
			);
			name = TestModels;
			sourceTree = "<group>";
		};
		8325BD141EF838C600E8985D /* TestControllers */ = {
			isa = PBXGroup;
			children = (
				8325BD151EF8392900E8985D /* AsteroidsViewControllerTests.swift */,
				8325BD191EF8453700E8985D /* AsteroidsListDataServiceTests.swift */,
				83C9FBC21F02BB0F00E4F94C /* OrbitalDataServiceTests.swift */,
				9A05D0461F0CE179001A1AD1 /* SearchViewControllerTests.swift */,
				9A05D03E1F0CDA89001A1AD1 /* SearchDataServiceTests.swift */,
			);
			name = TestControllers;
			sourceTree = "<group>";
		};
		8325BD1F1EF995C300E8985D /* Mocks */ = {
			isa = PBXGroup;
			children = (
				8325BD201EF995D700E8985D /* MockExtensions.swift */,
			);
			name = Mocks;
			sourceTree = "<group>";
		};
		8325BD241EF99C8500E8985D /* TestViews */ = {
			isa = PBXGroup;
			children = (
				8325BD251EF99CC400E8985D /* AsteroidCellTests.swift */,
				83C9FBC81F02CBF700E4F94C /* OrbitalDataCellTests.swift */,
			);
			name = TestViews;
			sourceTree = "<group>";
		};
		83C9FBBD1EFD80DC00E4F94C /* Extension */ = {
			isa = PBXGroup;
			children = (
				83C9FBBE1EFD845F00E4F94C /* Date+Calendar.swift */,
				9AB90EDA1F029D2A005308F3 /* Protocols.swift */,
			);
			name = Extension;
			sourceTree = "<group>";
		};
		9A1917361EF7E584003B6F25 = {
			isa = PBXGroup;
			children = (
				9A1917411EF7E584003B6F25 /* Asteroids */,
				9A1917561EF7E584003B6F25 /* AsteroidsTests */,
				9A1917401EF7E584003B6F25 /* Products */,
				EA2F96382B9709CD2FB71264 /* Pods */,
				E4EE61626AB173A0CA40933C /* Frameworks */,
			);
			sourceTree = "<group>";
		};
		9A1917401EF7E584003B6F25 /* Products */ = {
			isa = PBXGroup;
			children = (
				9A19173F1EF7E584003B6F25 /* Asteroids.app */,
				9A1917531EF7E584003B6F25 /* AsteroidsTests.xctest */,
			);
			name = Products;
			sourceTree = "<group>";
		};
		9A1917411EF7E584003B6F25 /* Asteroids */ = {
			isa = PBXGroup;
			children = (
				83C9FBBD1EFD80DC00E4F94C /* Extension */,
				8325BD101EF8360D00E8985D /* View */,
				9A1917791EF7FCFB003B6F25 /* Controller */,
				9A1917761EF7E5DB003B6F25 /* Resources */,
				9A1917711EF7E59B003B6F25 /* ViewModel */,
				9A1917701EF7E595003B6F25 /* Model */,
			);
			path = Asteroids;
			sourceTree = "<group>";
		};
		9A1917561EF7E584003B6F25 /* AsteroidsTests */ = {
			isa = PBXGroup;
			children = (
				8325BD241EF99C8500E8985D /* TestViews */,
				8325BD1F1EF995C300E8985D /* Mocks */,
				8325BD141EF838C600E8985D /* TestControllers */,
				8325BD131EF838A300E8985D /* TestModels */,
				9A1917591EF7E584003B6F25 /* Info.plist */,
			);
			path = AsteroidsTests;
			sourceTree = "<group>";
		};
		9A1917701EF7E595003B6F25 /* Model */ = {
			isa = PBXGroup;
			children = (
				9A1917721EF7E5B6003B6F25 /* Asteroid.swift */,
				8325BD1B1EF9889F00E8985D /* AsteroidManager.swift */,
				9AB90EDC1F02A0BD005308F3 /* OrbitalManager.swift */,
				9A05D03A1F0CCD5C001A1AD1 /* SearchManager.swift */,
			);
			name = Model;
			sourceTree = "<group>";
		};
		9A1917711EF7E59B003B6F25 /* ViewModel */ = {
			isa = PBXGroup;
			children = (
				9A1917741EF7E5D7003B6F25 /* AsteroidViewModel.swift */,
			);
			name = ViewModel;
			sourceTree = "<group>";
		};
		9A1917761EF7E5DB003B6F25 /* Resources */ = {
			isa = PBXGroup;
			children = (
				8316FE601F0AD7DD009037D2 /* Images */,
				9A1917771EF7E5FF003B6F25 /* Constants.swift */,
				9A1917461EF7E584003B6F25 /* Main.storyboard */,
				9A1917491EF7E584003B6F25 /* Assets.xcassets */,
				9A19174B1EF7E584003B6F25 /* LaunchScreen.storyboard */,
				9A19174E1EF7E584003B6F25 /* Info.plist */,
				8316FE721F0C0968009037D2 /* Localizable.strings */,
			);
			name = Resources;
			sourceTree = "<group>";
		};
		9A1917791EF7FCFB003B6F25 /* Controller */ = {
			isa = PBXGroup;
			children = (
				9A1917421EF7E584003B6F25 /* AppDelegate.swift */,
				9A19177A1EF7FD31003B6F25 /* AsteroidsViewController.swift */,
				8325BD171EF83D5500E8985D /* AsteroidsListDataService.swift */,
				8325BD0E1EF835A800E8985D /* SettingsViewController.swift */,
				9AB90ED81F028771005308F3 /* OrbitalDetailViewController.swift */,
				9AB90EDE1F02A2DF005308F3 /* OrbitalDataService.swift */,
				9A05D0381F0CCC74001A1AD1 /* SearchViewController.swift */,
				9A05D0401F0CDAD9001A1AD1 /* SearchDataService.swift */,
			);
			name = Controller;
			sourceTree = "<group>";
		};
		E4EE61626AB173A0CA40933C /* Frameworks */ = {
			isa = PBXGroup;
			children = (
				F1C9492F4B7A95C19001F8A4 /* Pods_Asteroids.framework */,
			);
			name = Frameworks;
			sourceTree = "<group>";
		};
		EA2F96382B9709CD2FB71264 /* Pods */ = {
			isa = PBXGroup;
			children = (
				37E506058939E752C04C8337 /* Pods-Asteroids.debug.xcconfig */,
				7409F1BF74ED195B0EF8473A /* Pods-Asteroids.release.xcconfig */,
			);
			name = Pods;
			sourceTree = "<group>";
		};
/* End PBXGroup section */

/* Begin PBXNativeTarget section */
		9A19173E1EF7E584003B6F25 /* Asteroids */ = {
			isa = PBXNativeTarget;
			buildConfigurationList = 9A1917671EF7E584003B6F25 /* Build configuration list for PBXNativeTarget "Asteroids" */;
			buildPhases = (
				3355FE3D3AAC4BCF6C08AAC6 /* [CP] Check Pods Manifest.lock */,
				9A19173B1EF7E584003B6F25 /* Sources */,
				9A19173C1EF7E584003B6F25 /* Frameworks */,
				9A19173D1EF7E584003B6F25 /* Resources */,
				ED5FF9BC3C97DF4C2D0C7E39 /* [CP] Embed Pods Frameworks */,
				FD732B6F1152E81AF47F274D /* [CP] Copy Pods Resources */,
			);
			buildRules = (
			);
			dependencies = (
			);
			name = Asteroids;
			productName = Asteroids;
			productReference = 9A19173F1EF7E584003B6F25 /* Asteroids.app */;
			productType = "com.apple.product-type.application";
		};
		9A1917521EF7E584003B6F25 /* AsteroidsTests */ = {
			isa = PBXNativeTarget;
			buildConfigurationList = 9A19176A1EF7E584003B6F25 /* Build configuration list for PBXNativeTarget "AsteroidsTests" */;
			buildPhases = (
				9A19174F1EF7E584003B6F25 /* Sources */,
				9A1917501EF7E584003B6F25 /* Frameworks */,
				9A1917511EF7E584003B6F25 /* Resources */,
			);
			buildRules = (
			);
			dependencies = (
				9A1917551EF7E584003B6F25 /* PBXTargetDependency */,
			);
			name = AsteroidsTests;
			productName = AsteroidsTests;
			productReference = 9A1917531EF7E584003B6F25 /* AsteroidsTests.xctest */;
			productType = "com.apple.product-type.bundle.unit-test";
		};
/* End PBXNativeTarget section */

/* Begin PBXProject section */
		9A1917371EF7E584003B6F25 /* Project object */ = {
			isa = PBXProject;
			attributes = {
				LastSwiftUpdateCheck = 0830;
				LastUpgradeCheck = 0830;
				ORGANIZATIONNAME = olegshamin;
				TargetAttributes = {
					9A19173E1EF7E584003B6F25 = {
						CreatedOnToolsVersion = 8.3.3;
						DevelopmentTeam = G548HJ9ST6;
						ProvisioningStyle = Automatic;
					};
					9A1917521EF7E584003B6F25 = {
						CreatedOnToolsVersion = 8.3.3;
						ProvisioningStyle = Automatic;
						TestTargetID = 9A19173E1EF7E584003B6F25;
					};
				};
			};
			buildConfigurationList = 9A19173A1EF7E584003B6F25 /* Build configuration list for PBXProject "Asteroids" */;
			compatibilityVersion = "Xcode 3.2";
			developmentRegion = English;
			hasScannedForEncodings = 0;
			knownRegions = (
				en,
				Base,
				ru,
				fr,
				de,
				es,
				"zh-Hans",
				it,
				"pt-PT",
				cs,
				fi,
				sv,
			);
			mainGroup = 9A1917361EF7E584003B6F25;
			productRefGroup = 9A1917401EF7E584003B6F25 /* Products */;
			projectDirPath = "";
			projectRoot = "";
			targets = (
				9A19173E1EF7E584003B6F25 /* Asteroids */,
				9A1917521EF7E584003B6F25 /* AsteroidsTests */,
			);
		};
/* End PBXProject section */

/* Begin PBXResourcesBuildPhase section */
		9A19173D1EF7E584003B6F25 /* Resources */ = {
			isa = PBXResourcesBuildPhase;
			buildActionMask = 2147483647;
			files = (
				8316FE741F0C0968009037D2 /* Localizable.strings in Resources */,
				9A19174D1EF7E584003B6F25 /* LaunchScreen.storyboard in Resources */,
				9A19174A1EF7E584003B6F25 /* Assets.xcassets in Resources */,
				9A1917481EF7E584003B6F25 /* Main.storyboard in Resources */,
				8316FE641F0AD9AC009037D2 /* icon512.png in Resources */,
			);
			runOnlyForDeploymentPostprocessing = 0;
		};
		9A1917511EF7E584003B6F25 /* Resources */ = {
			isa = PBXResourcesBuildPhase;
			buildActionMask = 2147483647;
			files = (
			);
			runOnlyForDeploymentPostprocessing = 0;
		};
/* End PBXResourcesBuildPhase section */

/* Begin PBXShellScriptBuildPhase section */
		3355FE3D3AAC4BCF6C08AAC6 /* [CP] Check Pods Manifest.lock */ = {
			isa = PBXShellScriptBuildPhase;
			buildActionMask = 2147483647;
			files = (
			);
			inputPaths = (
			);
			name = "[CP] Check Pods Manifest.lock";
			outputPaths = (
			);
			runOnlyForDeploymentPostprocessing = 0;
			shellPath = /bin/sh;
			shellScript = "diff \"${PODS_ROOT}/../Podfile.lock\" \"${PODS_ROOT}/Manifest.lock\" > /dev/null\nif [ $? != 0 ] ; then\n    # print error to STDERR\n    echo \"error: The sandbox is not in sync with the Podfile.lock. Run 'pod install' or update your CocoaPods installation.\" >&2\n    exit 1\nfi\n";
			showEnvVarsInLog = 0;
		};
		ED5FF9BC3C97DF4C2D0C7E39 /* [CP] Embed Pods Frameworks */ = {
			isa = PBXShellScriptBuildPhase;
			buildActionMask = 2147483647;
			files = (
			);
			inputPaths = (
			);
			name = "[CP] Embed Pods Frameworks";
			outputPaths = (
			);
			runOnlyForDeploymentPostprocessing = 0;
			shellPath = /bin/sh;
			shellScript = "\"${SRCROOT}/Pods/Target Support Files/Pods-Asteroids/Pods-Asteroids-frameworks.sh\"\n";
			showEnvVarsInLog = 0;
		};
		FD732B6F1152E81AF47F274D /* [CP] Copy Pods Resources */ = {
			isa = PBXShellScriptBuildPhase;
			buildActionMask = 2147483647;
			files = (
			);
			inputPaths = (
			);
			name = "[CP] Copy Pods Resources";
			outputPaths = (
			);
			runOnlyForDeploymentPostprocessing = 0;
			shellPath = /bin/sh;
			shellScript = "\"${SRCROOT}/Pods/Target Support Files/Pods-Asteroids/Pods-Asteroids-resources.sh\"\n";
			showEnvVarsInLog = 0;
		};
/* End PBXShellScriptBuildPhase section */

/* Begin PBXSourcesBuildPhase section */
		9A19173B1EF7E584003B6F25 /* Sources */ = {
			isa = PBXSourcesBuildPhase;
			buildActionMask = 2147483647;
			files = (
				8325BD1E1EF9914300E8985D /* AsteroidTableViewCell.swift in Sources */,
				9A1917781EF7E5FF003B6F25 /* Constants.swift in Sources */,
				9A19177B1EF7FD31003B6F25 /* AsteroidsViewController.swift in Sources */,
				9A05D0391F0CCC74001A1AD1 /* SearchViewController.swift in Sources */,
				9A05D0531F0D0971001A1AD1 /* CustomButton.swift in Sources */,
				83C9FBC51F02BFEC00E4F94C /* OrbitalDataTableViewCell.swift in Sources */,
				9A05D0411F0CDAD9001A1AD1 /* SearchDataService.swift in Sources */,
				9A1917751EF7E5D7003B6F25 /* AsteroidViewModel.swift in Sources */,
				9A1917731EF7E5B6003B6F25 /* Asteroid.swift in Sources */,
				8325BD1C1EF9889F00E8985D /* AsteroidManager.swift in Sources */,
				9AB90ED91F028771005308F3 /* OrbitalDetailViewController.swift in Sources */,
				83C9FBC11F016DE000E4F94C /* AsteroidView.swift in Sources */,
				9A1917431EF7E584003B6F25 /* AppDelegate.swift in Sources */,
				9AB90EDD1F02A0BD005308F3 /* OrbitalManager.swift in Sources */,
				9AB90EDB1F029D2A005308F3 /* Protocols.swift in Sources */,
				83C9FBBF1EFD845F00E4F94C /* Date+Calendar.swift in Sources */,
				8325BD181EF83D5500E8985D /* AsteroidsListDataService.swift in Sources */,
				9A05D03B1F0CCD5C001A1AD1 /* SearchManager.swift in Sources */,
				9AB90EDF1F02A2DF005308F3 /* OrbitalDataService.swift in Sources */,
				8325BD0F1EF835A800E8985D /* SettingsViewController.swift in Sources */,
			);
			runOnlyForDeploymentPostprocessing = 0;
		};
		9A19174F1EF7E584003B6F25 /* Sources */ = {
			isa = PBXSourcesBuildPhase;
			buildActionMask = 2147483647;
			files = (
				9A05D03F1F0CDA89001A1AD1 /* SearchDataServiceTests.swift in Sources */,
				83C9FBC31F02BB0F00E4F94C /* OrbitalDataServiceTests.swift in Sources */,
				9A05D0471F0CE179001A1AD1 /* SearchViewControllerTests.swift in Sources */,
				8325BD231EF99A6700E8985D /* AsteroidManagerTests.swift in Sources */,
				8325BD1A1EF8453700E8985D /* AsteroidsListDataServiceTests.swift in Sources */,
				8325BD261EF99CC400E8985D /* AsteroidCellTests.swift in Sources */,
				8325BD211EF995D700E8985D /* MockExtensions.swift in Sources */,
				9A1917581EF7E584003B6F25 /* AsteroidModelsTests.swift in Sources */,
				83C9FBC91F02CBF700E4F94C /* OrbitalDataCellTests.swift in Sources */,
				9A05D03D1F0CCEF3001A1AD1 /* SearchManagerTests.swift in Sources */,
				8325BD161EF8392900E8985D /* AsteroidsViewControllerTests.swift in Sources */,
				83C9FBC71F02CA0900E4F94C /* OrbitalManagerTests.swift in Sources */,
			);
			runOnlyForDeploymentPostprocessing = 0;
		};
/* End PBXSourcesBuildPhase section */

/* Begin PBXTargetDependency section */
		9A1917551EF7E584003B6F25 /* PBXTargetDependency */ = {
			isa = PBXTargetDependency;
			target = 9A19173E1EF7E584003B6F25 /* Asteroids */;
			targetProxy = 9A1917541EF7E584003B6F25 /* PBXContainerItemProxy */;
		};
/* End PBXTargetDependency section */

/* Begin PBXVariantGroup section */
		8316FE721F0C0968009037D2 /* Localizable.strings */ = {
			isa = PBXVariantGroup;
			children = (
				8316FE731F0C0968009037D2 /* Base */,
				8316FE751F0C096E009037D2 /* ru */,
				8316FE761F0C096F009037D2 /* en */,
				8316FE771F0C0972009037D2 /* fr */,
				8316FE781F0C0973009037D2 /* de */,
				8316FE791F0C0984009037D2 /* es */,
				8316FE7A1F0C0985009037D2 /* zh-Hans */,
				8316FE7B1F0C0986009037D2 /* it */,
				8316FE7C1F0C0987009037D2 /* pt-PT */,
				8316FE7D1F0C098A009037D2 /* cs */,
				8316FE7E1F0C098B009037D2 /* fi */,
				8316FE7F1F0C098C009037D2 /* sv */,
			);
			name = Localizable.strings;
			sourceTree = "<group>";
		};
		9A1917461EF7E584003B6F25 /* Main.storyboard */ = {
			isa = PBXVariantGroup;
			children = (
				9A1917471EF7E584003B6F25 /* Base */,
				8316FE681F0C03E7009037D2 /* ru */,
				8316FE691F0C04FD009037D2 /* fr */,
				8316FE6A1F0C0502009037D2 /* de */,
				8316FE6B1F0C0509009037D2 /* es */,
				8316FE6C1F0C0511009037D2 /* it */,
				8316FE6D1F0C0523009037D2 /* zh-Hans */,
				8316FE6E1F0C0531009037D2 /* pt-PT */,
				8316FE6F1F0C0539009037D2 /* cs */,
				8316FE701F0C0544009037D2 /* fi */,
				8316FE711F0C0553009037D2 /* sv */,
			);
			name = Main.storyboard;
			sourceTree = "<group>";
		};
		9A19174B1EF7E584003B6F25 /* LaunchScreen.storyboard */ = {
			isa = PBXVariantGroup;
			children = (
				9A19174C1EF7E584003B6F25 /* Base */,
			);
			name = LaunchScreen.storyboard;
			sourceTree = "<group>";
		};
/* End PBXVariantGroup section */

/* Begin XCBuildConfiguration section */
		9A1917651EF7E584003B6F25 /* Debug */ = {
			isa = XCBuildConfiguration;
			buildSettings = {
				ALWAYS_SEARCH_USER_PATHS = NO;
				CLANG_ANALYZER_LOCALIZABILITY_NONLOCALIZED = YES;
				CLANG_ANALYZER_NONNULL = YES;
				CLANG_ANALYZER_NUMBER_OBJECT_CONVERSION = YES_AGGRESSIVE;
				CLANG_CXX_LANGUAGE_STANDARD = "gnu++0x";
				CLANG_CXX_LIBRARY = "libc++";
				CLANG_ENABLE_MODULES = YES;
				CLANG_ENABLE_OBJC_ARC = YES;
				CLANG_WARN_BOOL_CONVERSION = YES;
				CLANG_WARN_CONSTANT_CONVERSION = YES;
				CLANG_WARN_DIRECT_OBJC_ISA_USAGE = YES_ERROR;
				CLANG_WARN_DOCUMENTATION_COMMENTS = YES;
				CLANG_WARN_EMPTY_BODY = YES;
				CLANG_WARN_ENUM_CONVERSION = YES;
				CLANG_WARN_INFINITE_RECURSION = YES;
				CLANG_WARN_INT_CONVERSION = YES;
				CLANG_WARN_OBJC_ROOT_CLASS = YES_ERROR;
				CLANG_WARN_SUSPICIOUS_MOVE = YES;
				CLANG_WARN_UNREACHABLE_CODE = YES;
				CLANG_WARN__DUPLICATE_METHOD_MATCH = YES;
				"CODE_SIGN_IDENTITY[sdk=iphoneos*]" = "iPhone Developer";
				COPY_PHASE_STRIP = NO;
				DEBUG_INFORMATION_FORMAT = dwarf;
				ENABLE_STRICT_OBJC_MSGSEND = YES;
				ENABLE_TESTABILITY = YES;
				GCC_C_LANGUAGE_STANDARD = gnu99;
				GCC_DYNAMIC_NO_PIC = NO;
				GCC_NO_COMMON_BLOCKS = YES;
				GCC_OPTIMIZATION_LEVEL = 0;
				GCC_PREPROCESSOR_DEFINITIONS = (
					"DEBUG=1",
					"$(inherited)",
				);
				GCC_WARN_64_TO_32_BIT_CONVERSION = YES;
				GCC_WARN_ABOUT_RETURN_TYPE = YES_ERROR;
				GCC_WARN_UNDECLARED_SELECTOR = YES;
				GCC_WARN_UNINITIALIZED_AUTOS = YES_AGGRESSIVE;
				GCC_WARN_UNUSED_FUNCTION = YES;
				GCC_WARN_UNUSED_VARIABLE = YES;
				IPHONEOS_DEPLOYMENT_TARGET = 10.3;
				MTL_ENABLE_DEBUG_INFO = YES;
				ONLY_ACTIVE_ARCH = YES;
				SDKROOT = iphoneos;
				SWIFT_ACTIVE_COMPILATION_CONDITIONS = DEBUG;
				SWIFT_OPTIMIZATION_LEVEL = "-Onone";
				TARGETED_DEVICE_FAMILY = "1,2";
			};
			name = Debug;
		};
		9A1917661EF7E584003B6F25 /* Release */ = {
			isa = XCBuildConfiguration;
			buildSettings = {
				ALWAYS_SEARCH_USER_PATHS = NO;
				CLANG_ANALYZER_LOCALIZABILITY_NONLOCALIZED = YES;
				CLANG_ANALYZER_NONNULL = YES;
				CLANG_ANALYZER_NUMBER_OBJECT_CONVERSION = YES_AGGRESSIVE;
				CLANG_CXX_LANGUAGE_STANDARD = "gnu++0x";
				CLANG_CXX_LIBRARY = "libc++";
				CLANG_ENABLE_MODULES = YES;
				CLANG_ENABLE_OBJC_ARC = YES;
				CLANG_WARN_BOOL_CONVERSION = YES;
				CLANG_WARN_CONSTANT_CONVERSION = YES;
				CLANG_WARN_DIRECT_OBJC_ISA_USAGE = YES_ERROR;
				CLANG_WARN_DOCUMENTATION_COMMENTS = YES;
				CLANG_WARN_EMPTY_BODY = YES;
				CLANG_WARN_ENUM_CONVERSION = YES;
				CLANG_WARN_INFINITE_RECURSION = YES;
				CLANG_WARN_INT_CONVERSION = YES;
				CLANG_WARN_OBJC_ROOT_CLASS = YES_ERROR;
				CLANG_WARN_SUSPICIOUS_MOVE = YES;
				CLANG_WARN_UNREACHABLE_CODE = YES;
				CLANG_WARN__DUPLICATE_METHOD_MATCH = YES;
				"CODE_SIGN_IDENTITY[sdk=iphoneos*]" = "iPhone Developer";
				COPY_PHASE_STRIP = NO;
				DEBUG_INFORMATION_FORMAT = "dwarf-with-dsym";
				ENABLE_NS_ASSERTIONS = NO;
				ENABLE_STRICT_OBJC_MSGSEND = YES;
				GCC_C_LANGUAGE_STANDARD = gnu99;
				GCC_NO_COMMON_BLOCKS = YES;
				GCC_WARN_64_TO_32_BIT_CONVERSION = YES;
				GCC_WARN_ABOUT_RETURN_TYPE = YES_ERROR;
				GCC_WARN_UNDECLARED_SELECTOR = YES;
				GCC_WARN_UNINITIALIZED_AUTOS = YES_AGGRESSIVE;
				GCC_WARN_UNUSED_FUNCTION = YES;
				GCC_WARN_UNUSED_VARIABLE = YES;
				IPHONEOS_DEPLOYMENT_TARGET = 10.3;
				MTL_ENABLE_DEBUG_INFO = NO;
				SDKROOT = iphoneos;
				SWIFT_OPTIMIZATION_LEVEL = "-Owholemodule";
				TARGETED_DEVICE_FAMILY = "1,2";
				VALIDATE_PRODUCT = YES;
			};
			name = Release;
		};
		9A1917681EF7E584003B6F25 /* Debug */ = {
			isa = XCBuildConfiguration;
			baseConfigurationReference = 37E506058939E752C04C8337 /* Pods-Asteroids.debug.xcconfig */;
			buildSettings = {
				ALWAYS_EMBED_SWIFT_STANDARD_LIBRARIES = YES;
				ASSETCATALOG_COMPILER_APPICON_NAME = AppIcon;
				DEVELOPMENT_TEAM = G548HJ9ST6;
				INFOPLIST_FILE = Asteroids/Info.plist;
				IPHONEOS_DEPLOYMENT_TARGET = 9.0;
				LD_RUNPATH_SEARCH_PATHS = "$(inherited) @executable_path/Frameworks";
				PRODUCT_BUNDLE_IDENTIFIER = olegshamin.Asteroids;
				PRODUCT_NAME = "$(TARGET_NAME)";
				SWIFT_VERSION = 3.0;
				TARGETED_DEVICE_FAMILY = 1;
			};
			name = Debug;
		};
		9A1917691EF7E584003B6F25 /* Release */ = {
			isa = XCBuildConfiguration;
			baseConfigurationReference = 7409F1BF74ED195B0EF8473A /* Pods-Asteroids.release.xcconfig */;
			buildSettings = {
				ALWAYS_EMBED_SWIFT_STANDARD_LIBRARIES = YES;
				ASSETCATALOG_COMPILER_APPICON_NAME = AppIcon;
				DEVELOPMENT_TEAM = G548HJ9ST6;
				INFOPLIST_FILE = Asteroids/Info.plist;
				IPHONEOS_DEPLOYMENT_TARGET = 9.0;
				LD_RUNPATH_SEARCH_PATHS = "$(inherited) @executable_path/Frameworks";
				PRODUCT_BUNDLE_IDENTIFIER = olegshamin.Asteroids;
				PRODUCT_NAME = "$(TARGET_NAME)";
				SWIFT_VERSION = 3.0;
				TARGETED_DEVICE_FAMILY = 1;
			};
			name = Release;
		};
		9A19176B1EF7E584003B6F25 /* Debug */ = {
			isa = XCBuildConfiguration;
			buildSettings = {
				ALWAYS_EMBED_SWIFT_STANDARD_LIBRARIES = YES;
				BUNDLE_LOADER = "$(TEST_HOST)";
				INFOPLIST_FILE = AsteroidsTests/Info.plist;
				LD_RUNPATH_SEARCH_PATHS = "$(inherited) @executable_path/Frameworks @loader_path/Frameworks";
				PRODUCT_BUNDLE_IDENTIFIER = oO.AsteroidsTests;
				PRODUCT_NAME = "$(TARGET_NAME)";
				SWIFT_VERSION = 3.0;
				TEST_HOST = "$(BUILT_PRODUCTS_DIR)/Asteroids.app/Asteroids";
			};
			name = Debug;
		};
		9A19176C1EF7E584003B6F25 /* Release */ = {
			isa = XCBuildConfiguration;
			buildSettings = {
				ALWAYS_EMBED_SWIFT_STANDARD_LIBRARIES = YES;
				BUNDLE_LOADER = "$(TEST_HOST)";
				INFOPLIST_FILE = AsteroidsTests/Info.plist;
				LD_RUNPATH_SEARCH_PATHS = "$(inherited) @executable_path/Frameworks @loader_path/Frameworks";
				PRODUCT_BUNDLE_IDENTIFIER = oO.AsteroidsTests;
				PRODUCT_NAME = "$(TARGET_NAME)";
				SWIFT_VERSION = 3.0;
				TEST_HOST = "$(BUILT_PRODUCTS_DIR)/Asteroids.app/Asteroids";
			};
			name = Release;
		};
/* End XCBuildConfiguration section */

/* Begin XCConfigurationList section */
		9A19173A1EF7E584003B6F25 /* Build configuration list for PBXProject "Asteroids" */ = {
			isa = XCConfigurationList;
			buildConfigurations = (
				9A1917651EF7E584003B6F25 /* Debug */,
				9A1917661EF7E584003B6F25 /* Release */,
			);
			defaultConfigurationIsVisible = 0;
			defaultConfigurationName = Release;
		};
		9A1917671EF7E584003B6F25 /* Build configuration list for PBXNativeTarget "Asteroids" */ = {
			isa = XCConfigurationList;
			buildConfigurations = (
				9A1917681EF7E584003B6F25 /* Debug */,
				9A1917691EF7E584003B6F25 /* Release */,
			);
			defaultConfigurationIsVisible = 0;
			defaultConfigurationName = Release;
		};
		9A19176A1EF7E584003B6F25 /* Build configuration list for PBXNativeTarget "AsteroidsTests" */ = {
			isa = XCConfigurationList;
			buildConfigurations = (
				9A19176B1EF7E584003B6F25 /* Debug */,
				9A19176C1EF7E584003B6F25 /* Release */,
			);
			defaultConfigurationIsVisible = 0;
			defaultConfigurationName = Release;
		};
/* End XCConfigurationList section */
	};
	rootObject = 9A1917371EF7E584003B6F25 /* Project object */;
}
